// !$*UTF8*$!
{
	archiveVersion = 1;
	classes = {
	};
	objectVersion = 56;
	objects = {

/* Begin PBXBuildFile section */
		2B02737A2AB84254007FB8B8 /* ListSettingsView.swift in Sources */ = {isa = PBXBuildFile; fileRef = 2B0273742AB84252007FB8B8 /* ListSettingsView.swift */; };
		2B02737B2AB84254007FB8B8 /* AddListView.swift in Sources */ = {isa = PBXBuildFile; fileRef = 2B0273752AB84252007FB8B8 /* AddListView.swift */; };
		2B02737C2AB84254007FB8B8 /* TaskSettingsView.swift in Sources */ = {isa = PBXBuildFile; fileRef = 2B0273762AB84253007FB8B8 /* TaskSettingsView.swift */; };
		2B02737D2AB84254007FB8B8 /* AddTaskView.swift in Sources */ = {isa = PBXBuildFile; fileRef = 2B0273772AB84253007FB8B8 /* AddTaskView.swift */; };
		2B02737E2AB84254007FB8B8 /* ListView.swift in Sources */ = {isa = PBXBuildFile; fileRef = 2B0273782AB84254007FB8B8 /* ListView.swift */; };
		2B02737F2AB84254007FB8B8 /* TaskView.swift in Sources */ = {isa = PBXBuildFile; fileRef = 2B0273792AB84254007FB8B8 /* TaskView.swift */; };
		2B0273882AB8432B007FB8B8 /* TaskNumView.swift in Sources */ = {isa = PBXBuildFile; fileRef = 2B0273852AB8432B007FB8B8 /* TaskNumView.swift */; };
		2B0273892AB8432B007FB8B8 /* TaskRow.swift in Sources */ = {isa = PBXBuildFile; fileRef = 2B0273862AB8432B007FB8B8 /* TaskRow.swift */; };
		2B02738A2AB8432B007FB8B8 /* MyListsView.swift in Sources */ = {isa = PBXBuildFile; fileRef = 2B0273872AB8432B007FB8B8 /* MyListsView.swift */; };
		2B02738D2AB8442C007FB8B8 /* iScheduleModel.xcdatamodeld in Sources */ = {isa = PBXBuildFile; fileRef = 2B02738B2AB8442C007FB8B8 /* iScheduleModel.xcdatamodeld */; };
		2B0286452AD56C96008DE955 /* CustomTabBar.swift in Sources */ = {isa = PBXBuildFile; fileRef = 2B0286442AD56C96008DE955 /* CustomTabBar.swift */; };
		2B0701352AD00FF8004F962A /* ButtonToggleView.swift in Sources */ = {isa = PBXBuildFile; fileRef = 2B0701342AD00FF8004F962A /* ButtonToggleView.swift */; };
		2B07013B2AD032DB004F962A /* DonutView.swift in Sources */ = {isa = PBXBuildFile; fileRef = 2B07013A2AD032DB004F962A /* DonutView.swift */; };
		2B105E4C2AD7A0A900CACDBA /* CheckboxToggleStyle.swift in Sources */ = {isa = PBXBuildFile; fileRef = 2B105E4B2AD7A0A900CACDBA /* CheckboxToggleStyle.swift */; };
		2B1C13192ADB9BE700376A3E /* Documentation.docc in Sources */ = {isa = PBXBuildFile; fileRef = 2B1C13182ADB9BE700376A3E /* Documentation.docc */; };
		2B1C131B2ADBA77700376A3E /* PieView.swift in Sources */ = {isa = PBXBuildFile; fileRef = 2B1C131A2ADBA77700376A3E /* PieView.swift */; };
		2B3B645B2AD1293C005AF956 /* StatisticView.swift in Sources */ = {isa = PBXBuildFile; fileRef = 2B3B645A2AD1293C005AF956 /* StatisticView.swift */; };
		2B3B645D2AD12B02005AF956 /* MainTabView.swift in Sources */ = {isa = PBXBuildFile; fileRef = 2B3B645C2AD12B02005AF956 /* MainTabView.swift */; };
		2B70601A2ACC24DE0067CD7C /* ListRow.swift in Sources */ = {isa = PBXBuildFile; fileRef = 2B7060192ACC24DE0067CD7C /* ListRow.swift */; };
		2B70601C2ACC25040067CD7C /* DeleteTaskRowGesture.swift in Sources */ = {isa = PBXBuildFile; fileRef = 2B70601B2ACC25040067CD7C /* DeleteTaskRowGesture.swift */; };
		2BBB63892ABEA0F7001D2EF8 /* CoreDataManager.swift in Sources */ = {isa = PBXBuildFile; fileRef = 2B0273912AB8691F007FB8B8 /* CoreDataManager.swift */; };
		2BE349DA2ACBF9C40001760F /* SearchBarView.swift in Sources */ = {isa = PBXBuildFile; fileRef = 2BE349D92ACBF9C40001760F /* SearchBarView.swift */; };
		C60F4DD42ACD1AF500A30988 /* NotificationManager.swift in Sources */ = {isa = PBXBuildFile; fileRef = C60F4DD32ACD1AF500A30988 /* NotificationManager.swift */; };
		C6341C3E2AD503A500D941AA /* UserRegistrationTests.swift in Sources */ = {isa = PBXBuildFile; fileRef = C6341C3D2AD503A500D941AA /* UserRegistrationTests.swift */; };
		C644B5642ABEA71F0031CA67 /* KeychainManager.swift in Sources */ = {isa = PBXBuildFile; fileRef = C644B5622ABEA71F0031CA67 /* KeychainManager.swift */; };
		C644B5652ABEA71F0031CA67 /* UserRegisterViewModel.swift in Sources */ = {isa = PBXBuildFile; fileRef = C644B5632ABEA71F0031CA67 /* UserRegisterViewModel.swift */; };
		C644B56A2ABEA79B0031CA67 /* LoginView.swift in Sources */ = {isa = PBXBuildFile; fileRef = C644B5672ABEA79B0031CA67 /* LoginView.swift */; };
		C644B56B2ABEA79B0031CA67 /* RegisterView.swift in Sources */ = {isa = PBXBuildFile; fileRef = C644B5682ABEA79B0031CA67 /* RegisterView.swift */; };
		C644B56C2ABEA79B0031CA67 /* HeaderView.swift in Sources */ = {isa = PBXBuildFile; fileRef = C644B5692ABEA79B0031CA67 /* HeaderView.swift */; };
		C663ACEF2AD369CE008F46B4 /* iScheduleTests.swift in Sources */ = {isa = PBXBuildFile; fileRef = C663ACEE2AD369CE008F46B4 /* iScheduleTests.swift */; };
		C663ACF82AD3730D008F46B4 /* NotificationManagerTests.swift in Sources */ = {isa = PBXBuildFile; fileRef = C663ACF72AD3730D008F46B4 /* NotificationManagerTests.swift */; };
		C6A0631F2AC62D090065A466 /* APIManager.swift in Sources */ = {isa = PBXBuildFile; fileRef = C6A0631E2AC62D090065A466 /* APIManager.swift */; };
		C6A063252AC6303D0065A466 /* QuoteModel.swift in Sources */ = {isa = PBXBuildFile; fileRef = C6A063242AC6303D0065A466 /* QuoteModel.swift */; };
		D599DEC42A95C327009D7CF6 /* iScheduleApp.swift in Sources */ = {isa = PBXBuildFile; fileRef = D599DEC32A95C327009D7CF6 /* iScheduleApp.swift */; };
		D599DEC82A95C329009D7CF6 /* Assets.xcassets in Resources */ = {isa = PBXBuildFile; fileRef = D599DEC72A95C329009D7CF6 /* Assets.xcassets */; };
		D599DECB2A95C329009D7CF6 /* Preview Assets.xcassets in Resources */ = {isa = PBXBuildFile; fileRef = D599DECA2A95C329009D7CF6 /* Preview Assets.xcassets */; };
/* End PBXBuildFile section */

/* Begin PBXContainerItemProxy section */
		C663ACF02AD369CE008F46B4 /* PBXContainerItemProxy */ = {
			isa = PBXContainerItemProxy;
			containerPortal = D599DEB82A95C327009D7CF6 /* Project object */;
			proxyType = 1;
			remoteGlobalIDString = D599DEBF2A95C327009D7CF6;
			remoteInfo = iSchedule;
		};
/* End PBXContainerItemProxy section */

/* Begin PBXFileReference section */
		2B0273742AB84252007FB8B8 /* ListSettingsView.swift */ = {isa = PBXFileReference; fileEncoding = 4; lastKnownFileType = sourcecode.swift; path = ListSettingsView.swift; sourceTree = "<group>"; };
		2B0273752AB84252007FB8B8 /* AddListView.swift */ = {isa = PBXFileReference; fileEncoding = 4; lastKnownFileType = sourcecode.swift; path = AddListView.swift; sourceTree = "<group>"; };
		2B0273762AB84253007FB8B8 /* TaskSettingsView.swift */ = {isa = PBXFileReference; fileEncoding = 4; lastKnownFileType = sourcecode.swift; path = TaskSettingsView.swift; sourceTree = "<group>"; };
		2B0273772AB84253007FB8B8 /* AddTaskView.swift */ = {isa = PBXFileReference; fileEncoding = 4; lastKnownFileType = sourcecode.swift; path = AddTaskView.swift; sourceTree = "<group>"; };
		2B0273782AB84254007FB8B8 /* ListView.swift */ = {isa = PBXFileReference; fileEncoding = 4; lastKnownFileType = sourcecode.swift; path = ListView.swift; sourceTree = "<group>"; };
		2B0273792AB84254007FB8B8 /* TaskView.swift */ = {isa = PBXFileReference; fileEncoding = 4; lastKnownFileType = sourcecode.swift; path = TaskView.swift; sourceTree = "<group>"; };
		2B0273852AB8432B007FB8B8 /* TaskNumView.swift */ = {isa = PBXFileReference; fileEncoding = 4; lastKnownFileType = sourcecode.swift; path = TaskNumView.swift; sourceTree = "<group>"; };
		2B0273862AB8432B007FB8B8 /* TaskRow.swift */ = {isa = PBXFileReference; fileEncoding = 4; lastKnownFileType = sourcecode.swift; path = TaskRow.swift; sourceTree = "<group>"; };
		2B0273872AB8432B007FB8B8 /* MyListsView.swift */ = {isa = PBXFileReference; fileEncoding = 4; lastKnownFileType = sourcecode.swift; path = MyListsView.swift; sourceTree = "<group>"; };
		2B02738C2AB8442C007FB8B8 /* iScheduleModel.xcdatamodel */ = {isa = PBXFileReference; lastKnownFileType = wrapper.xcdatamodel; path = iScheduleModel.xcdatamodel; sourceTree = "<group>"; };
		2B0273912AB8691F007FB8B8 /* CoreDataManager.swift */ = {isa = PBXFileReference; lastKnownFileType = sourcecode.swift; path = CoreDataManager.swift; sourceTree = "<group>"; };
		2B0286442AD56C96008DE955 /* CustomTabBar.swift */ = {isa = PBXFileReference; lastKnownFileType = sourcecode.swift; path = CustomTabBar.swift; sourceTree = "<group>"; };
		2B0701342AD00FF8004F962A /* ButtonToggleView.swift */ = {isa = PBXFileReference; lastKnownFileType = sourcecode.swift; path = ButtonToggleView.swift; sourceTree = "<group>"; };
		2B07013A2AD032DB004F962A /* DonutView.swift */ = {isa = PBXFileReference; lastKnownFileType = sourcecode.swift; path = DonutView.swift; sourceTree = "<group>"; };
		2B105E4B2AD7A0A900CACDBA /* CheckboxToggleStyle.swift */ = {isa = PBXFileReference; lastKnownFileType = sourcecode.swift; path = CheckboxToggleStyle.swift; sourceTree = "<group>"; };
		2B1C13182ADB9BE700376A3E /* Documentation.docc */ = {isa = PBXFileReference; lastKnownFileType = folder.documentationcatalog; path = Documentation.docc; sourceTree = "<group>"; };
		2B1C131A2ADBA77700376A3E /* PieView.swift */ = {isa = PBXFileReference; lastKnownFileType = sourcecode.swift; path = PieView.swift; sourceTree = "<group>"; };
		2B3B645A2AD1293C005AF956 /* StatisticView.swift */ = {isa = PBXFileReference; lastKnownFileType = sourcecode.swift; path = StatisticView.swift; sourceTree = "<group>"; };
		2B3B645C2AD12B02005AF956 /* MainTabView.swift */ = {isa = PBXFileReference; lastKnownFileType = sourcecode.swift; path = MainTabView.swift; sourceTree = "<group>"; };
		2B7060192ACC24DE0067CD7C /* ListRow.swift */ = {isa = PBXFileReference; lastKnownFileType = sourcecode.swift; path = ListRow.swift; sourceTree = "<group>"; };
		2B70601B2ACC25040067CD7C /* DeleteTaskRowGesture.swift */ = {isa = PBXFileReference; lastKnownFileType = sourcecode.swift; path = DeleteTaskRowGesture.swift; sourceTree = "<group>"; };
		2BE349D92ACBF9C40001760F /* SearchBarView.swift */ = {isa = PBXFileReference; lastKnownFileType = sourcecode.swift; path = SearchBarView.swift; sourceTree = "<group>"; };
		C60F4DD32ACD1AF500A30988 /* NotificationManager.swift */ = {isa = PBXFileReference; lastKnownFileType = sourcecode.swift; path = NotificationManager.swift; sourceTree = "<group>"; };
		C6341C3D2AD503A500D941AA /* UserRegistrationTests.swift */ = {isa = PBXFileReference; lastKnownFileType = sourcecode.swift; path = UserRegistrationTests.swift; sourceTree = "<group>"; };
		C644B5622ABEA71F0031CA67 /* KeychainManager.swift */ = {isa = PBXFileReference; fileEncoding = 4; lastKnownFileType = sourcecode.swift; path = KeychainManager.swift; sourceTree = "<group>"; };
		C644B5632ABEA71F0031CA67 /* UserRegisterViewModel.swift */ = {isa = PBXFileReference; fileEncoding = 4; lastKnownFileType = sourcecode.swift; path = UserRegisterViewModel.swift; sourceTree = "<group>"; };
		C644B5672ABEA79B0031CA67 /* LoginView.swift */ = {isa = PBXFileReference; fileEncoding = 4; lastKnownFileType = sourcecode.swift; path = LoginView.swift; sourceTree = "<group>"; };
		C644B5682ABEA79B0031CA67 /* RegisterView.swift */ = {isa = PBXFileReference; fileEncoding = 4; lastKnownFileType = sourcecode.swift; path = RegisterView.swift; sourceTree = "<group>"; };
		C644B5692ABEA79B0031CA67 /* HeaderView.swift */ = {isa = PBXFileReference; fileEncoding = 4; lastKnownFileType = sourcecode.swift; path = HeaderView.swift; sourceTree = "<group>"; };
		C663ACEC2AD369CE008F46B4 /* iScheduleTests.xctest */ = {isa = PBXFileReference; explicitFileType = wrapper.cfbundle; includeInIndex = 0; path = iScheduleTests.xctest; sourceTree = BUILT_PRODUCTS_DIR; };
		C663ACEE2AD369CE008F46B4 /* iScheduleTests.swift */ = {isa = PBXFileReference; lastKnownFileType = sourcecode.swift; path = iScheduleTests.swift; sourceTree = "<group>"; };
		C663ACF72AD3730D008F46B4 /* NotificationManagerTests.swift */ = {isa = PBXFileReference; lastKnownFileType = sourcecode.swift; path = NotificationManagerTests.swift; sourceTree = "<group>"; };
		C6A0631E2AC62D090065A466 /* APIManager.swift */ = {isa = PBXFileReference; lastKnownFileType = sourcecode.swift; path = APIManager.swift; sourceTree = "<group>"; };
		C6A063242AC6303D0065A466 /* QuoteModel.swift */ = {isa = PBXFileReference; lastKnownFileType = sourcecode.swift; path = QuoteModel.swift; sourceTree = "<group>"; };
		D599DEC02A95C327009D7CF6 /* iSchedule.app */ = {isa = PBXFileReference; explicitFileType = wrapper.application; includeInIndex = 0; path = iSchedule.app; sourceTree = BUILT_PRODUCTS_DIR; };
		D599DEC32A95C327009D7CF6 /* iScheduleApp.swift */ = {isa = PBXFileReference; lastKnownFileType = sourcecode.swift; path = iScheduleApp.swift; sourceTree = "<group>"; };
		D599DEC72A95C329009D7CF6 /* Assets.xcassets */ = {isa = PBXFileReference; lastKnownFileType = folder.assetcatalog; path = Assets.xcassets; sourceTree = "<group>"; };
		D599DECA2A95C329009D7CF6 /* Preview Assets.xcassets */ = {isa = PBXFileReference; lastKnownFileType = folder.assetcatalog; path = "Preview Assets.xcassets"; sourceTree = "<group>"; };
/* End PBXFileReference section */

/* Begin PBXFrameworksBuildPhase section */
		C663ACE92AD369CE008F46B4 /* Frameworks */ = {
			isa = PBXFrameworksBuildPhase;
			buildActionMask = 2147483647;
			files = (
			);
			runOnlyForDeploymentPostprocessing = 0;
		};
		D599DEBD2A95C327009D7CF6 /* Frameworks */ = {
			isa = PBXFrameworksBuildPhase;
			buildActionMask = 2147483647;
			files = (
			);
			runOnlyForDeploymentPostprocessing = 0;
		};
/* End PBXFrameworksBuildPhase section */

/* Begin PBXGroup section */
		2B0273802AB84274007FB8B8 /* MainViews */ = {
			isa = PBXGroup;
			children = (
				2B0273782AB84254007FB8B8 /* ListView.swift */,
				2B3B645C2AD12B02005AF956 /* MainTabView.swift */,
				2B0273762AB84253007FB8B8 /* TaskSettingsView.swift */,
				2B0273742AB84252007FB8B8 /* ListSettingsView.swift */,
				2B0273792AB84254007FB8B8 /* TaskView.swift */,
				2B0273772AB84253007FB8B8 /* AddTaskView.swift */,
				2B0273752AB84252007FB8B8 /* AddListView.swift */,
				2B3B645A2AD1293C005AF956 /* StatisticView.swift */,
			);
			path = MainViews;
			sourceTree = "<group>";
		};
		2B0273842AB8432B007FB8B8 /* ModelViews */ = {
			isa = PBXGroup;
			children = (
				C644B5692ABEA79B0031CA67 /* HeaderView.swift */,
				C644B5632ABEA71F0031CA67 /* UserRegisterViewModel.swift */,
				2B0273852AB8432B007FB8B8 /* TaskNumView.swift */,
				2B0273862AB8432B007FB8B8 /* TaskRow.swift */,
				2B0273872AB8432B007FB8B8 /* MyListsView.swift */,
				2BE349D92ACBF9C40001760F /* SearchBarView.swift */,
				2B07013A2AD032DB004F962A /* DonutView.swift */,
				2B7060192ACC24DE0067CD7C /* ListRow.swift */,
				2B70601B2ACC25040067CD7C /* DeleteTaskRowGesture.swift */,
				2B0701342AD00FF8004F962A /* ButtonToggleView.swift */,
				2B0286442AD56C96008DE955 /* CustomTabBar.swift */,
				2B105E4B2AD7A0A900CACDBA /* CheckboxToggleStyle.swift */,
				2B1C131A2ADBA77700376A3E /* PieView.swift */,
			);
			path = ModelViews;
			sourceTree = "<group>";
		};
		2B88F3452AC1486600D81191 /* Manager */ = {
			isa = PBXGroup;
			children = (
				C644B5622ABEA71F0031CA67 /* KeychainManager.swift */,
				2B0273912AB8691F007FB8B8 /* CoreDataManager.swift */,
				C60F4DD32ACD1AF500A30988 /* NotificationManager.swift */,
			);
			path = Manager;
			sourceTree = "<group>";
		};
		C644B5662ABEA76B0031CA67 /* Signup&Login Views */ = {
			isa = PBXGroup;
			children = (
				C644B5672ABEA79B0031CA67 /* LoginView.swift */,
				C644B5682ABEA79B0031CA67 /* RegisterView.swift */,
			);
			path = "Signup&Login Views";
			sourceTree = "<group>";
		};
		C663ACED2AD369CE008F46B4 /* iScheduleTests */ = {
			isa = PBXGroup;
			children = (
				C663ACEE2AD369CE008F46B4 /* iScheduleTests.swift */,
				C6341C3D2AD503A500D941AA /* UserRegistrationTests.swift */,
				C663ACF72AD3730D008F46B4 /* NotificationManagerTests.swift */,
			);
			path = iScheduleTests;
			sourceTree = "<group>";
		};
		C6A0631D2AC62BDA0065A466 /* API Handler */ = {
			isa = PBXGroup;
			children = (
				C6A0631E2AC62D090065A466 /* APIManager.swift */,
				C6A063242AC6303D0065A466 /* QuoteModel.swift */,
			);
			path = "API Handler";
			sourceTree = "<group>";
		};
		D599DEB72A95C327009D7CF6 = {
			isa = PBXGroup;
			children = (
				D599DEC22A95C327009D7CF6 /* iSchedule */,
				C663ACED2AD369CE008F46B4 /* iScheduleTests */,
				D599DEC12A95C327009D7CF6 /* Products */,
			);
			sourceTree = "<group>";
		};
		D599DEC12A95C327009D7CF6 /* Products */ = {
			isa = PBXGroup;
			children = (
				D599DEC02A95C327009D7CF6 /* iSchedule.app */,
				C663ACEC2AD369CE008F46B4 /* iScheduleTests.xctest */,
			);
			name = Products;
			sourceTree = "<group>";
		};
		D599DEC22A95C327009D7CF6 /* iSchedule */ = {
			isa = PBXGroup;
			children = (
				2B02738B2AB8442C007FB8B8 /* iScheduleModel.xcdatamodeld */,
				2B88F3452AC1486600D81191 /* Manager */,
				D599DEC32A95C327009D7CF6 /* iScheduleApp.swift */,
				D599DEC72A95C329009D7CF6 /* Assets.xcassets */,
				C644B5662ABEA76B0031CA67 /* Signup&Login Views */,
				C6A0631D2AC62BDA0065A466 /* API Handler */,
				2B0273842AB8432B007FB8B8 /* ModelViews */,
				2B0273802AB84274007FB8B8 /* MainViews */,
				D599DEC92A95C329009D7CF6 /* Preview Content */,
				2B1C13182ADB9BE700376A3E /* Documentation.docc */,
			);
			path = iSchedule;
			sourceTree = "<group>";
		};
		D599DEC92A95C329009D7CF6 /* Preview Content */ = {
			isa = PBXGroup;
			children = (
				D599DECA2A95C329009D7CF6 /* Preview Assets.xcassets */,
			);
			path = "Preview Content";
			sourceTree = "<group>";
		};
/* End PBXGroup section */

/* Begin PBXNativeTarget section */
		C663ACEB2AD369CE008F46B4 /* iScheduleTests */ = {
			isa = PBXNativeTarget;
			buildConfigurationList = C663ACF42AD369CE008F46B4 /* Build configuration list for PBXNativeTarget "iScheduleTests" */;
			buildPhases = (
				C663ACE82AD369CE008F46B4 /* Sources */,
				C663ACE92AD369CE008F46B4 /* Frameworks */,
				C663ACEA2AD369CE008F46B4 /* Resources */,
			);
			buildRules = (
			);
			dependencies = (
				C663ACF12AD369CE008F46B4 /* PBXTargetDependency */,
			);
			name = iScheduleTests;
			productName = iScheduleTests;
			productReference = C663ACEC2AD369CE008F46B4 /* iScheduleTests.xctest */;
			productType = "com.apple.product-type.bundle.unit-test";
		};
		D599DEBF2A95C327009D7CF6 /* iSchedule */ = {
			isa = PBXNativeTarget;
			buildConfigurationList = D599DECE2A95C329009D7CF6 /* Build configuration list for PBXNativeTarget "iSchedule" */;
			buildPhases = (
				D599DEBC2A95C327009D7CF6 /* Sources */,
				D599DEBD2A95C327009D7CF6 /* Frameworks */,
				D599DEBE2A95C327009D7CF6 /* Resources */,
			);
			buildRules = (
			);
			dependencies = (
			);
			name = iSchedule;
			productName = iScheduleV2;
			productReference = D599DEC02A95C327009D7CF6 /* iSchedule.app */;
			productType = "com.apple.product-type.application";
		};
/* End PBXNativeTarget section */

/* Begin PBXProject section */
		D599DEB82A95C327009D7CF6 /* Project object */ = {
			isa = PBXProject;
			attributes = {
				BuildIndependentTargetsInParallel = 1;
				LastSwiftUpdateCheck = 1430;
				LastUpgradeCheck = 1430;
				TargetAttributes = {
					C663ACEB2AD369CE008F46B4 = {
						CreatedOnToolsVersion = 14.3.1;
						TestTargetID = D599DEBF2A95C327009D7CF6;
					};
					D599DEBF2A95C327009D7CF6 = {
						CreatedOnToolsVersion = 14.3.1;
					};
				};
			};
			buildConfigurationList = D599DEBB2A95C327009D7CF6 /* Build configuration list for PBXProject "iSchedule" */;
			compatibilityVersion = "Xcode 14.0";
			developmentRegion = en;
			hasScannedForEncodings = 0;
			knownRegions = (
				en,
				Base,
			);
			mainGroup = D599DEB72A95C327009D7CF6;
			productRefGroup = D599DEC12A95C327009D7CF6 /* Products */;
			projectDirPath = "";
			projectRoot = "";
			targets = (
				D599DEBF2A95C327009D7CF6 /* iSchedule */,
				C663ACEB2AD369CE008F46B4 /* iScheduleTests */,
			);
		};
/* End PBXProject section */

/* Begin PBXResourcesBuildPhase section */
		C663ACEA2AD369CE008F46B4 /* Resources */ = {
			isa = PBXResourcesBuildPhase;
			buildActionMask = 2147483647;
			files = (
			);
			runOnlyForDeploymentPostprocessing = 0;
		};
		D599DEBE2A95C327009D7CF6 /* Resources */ = {
			isa = PBXResourcesBuildPhase;
			buildActionMask = 2147483647;
			files = (
				D599DECB2A95C329009D7CF6 /* Preview Assets.xcassets in Resources */,
				D599DEC82A95C329009D7CF6 /* Assets.xcassets in Resources */,
			);
			runOnlyForDeploymentPostprocessing = 0;
		};
/* End PBXResourcesBuildPhase section */

/* Begin PBXSourcesBuildPhase section */
		C663ACE82AD369CE008F46B4 /* Sources */ = {
			isa = PBXSourcesBuildPhase;
			buildActionMask = 2147483647;
			files = (
				C663ACEF2AD369CE008F46B4 /* iScheduleTests.swift in Sources */,
				C663ACF82AD3730D008F46B4 /* NotificationManagerTests.swift in Sources */,
				C6341C3E2AD503A500D941AA /* UserRegistrationTests.swift in Sources */,
			);
			runOnlyForDeploymentPostprocessing = 0;
		};
		D599DEBC2A95C327009D7CF6 /* Sources */ = {
			isa = PBXSourcesBuildPhase;
			buildActionMask = 2147483647;
			files = (
				2BE349DA2ACBF9C40001760F /* SearchBarView.swift in Sources */,
				C644B5642ABEA71F0031CA67 /* KeychainManager.swift in Sources */,
				2B3B645D2AD12B02005AF956 /* MainTabView.swift in Sources */,
				2B02737C2AB84254007FB8B8 /* TaskSettingsView.swift in Sources */,
				2B02737B2AB84254007FB8B8 /* AddListView.swift in Sources */,
				C644B56A2ABEA79B0031CA67 /* LoginView.swift in Sources */,
				C6A063252AC6303D0065A466 /* QuoteModel.swift in Sources */,
				2B0273882AB8432B007FB8B8 /* TaskNumView.swift in Sources */,
				2B07013B2AD032DB004F962A /* DonutView.swift in Sources */,
				2B1C131B2ADBA77700376A3E /* PieView.swift in Sources */,
				2B02737A2AB84254007FB8B8 /* ListSettingsView.swift in Sources */,
				C644B56C2ABEA79B0031CA67 /* HeaderView.swift in Sources */,
				2B02738A2AB8432B007FB8B8 /* MyListsView.swift in Sources */,
				2B0701352AD00FF8004F962A /* ButtonToggleView.swift in Sources */,
				2B02737E2AB84254007FB8B8 /* ListView.swift in Sources */,
				2BBB63892ABEA0F7001D2EF8 /* CoreDataManager.swift in Sources */,
				2B0273892AB8432B007FB8B8 /* TaskRow.swift in Sources */,
				2B105E4C2AD7A0A900CACDBA /* CheckboxToggleStyle.swift in Sources */,
				C6A0631F2AC62D090065A466 /* APIManager.swift in Sources */,
				2B70601C2ACC25040067CD7C /* DeleteTaskRowGesture.swift in Sources */,
				2B02738D2AB8442C007FB8B8 /* iScheduleModel.xcdatamodeld in Sources */,
				2B70601A2ACC24DE0067CD7C /* ListRow.swift in Sources */,
				2B02737D2AB84254007FB8B8 /* AddTaskView.swift in Sources */,
				2B1C13192ADB9BE700376A3E /* Documentation.docc in Sources */,
				D599DEC42A95C327009D7CF6 /* iScheduleApp.swift in Sources */,
				2B3B645B2AD1293C005AF956 /* StatisticView.swift in Sources */,
				C644B56B2ABEA79B0031CA67 /* RegisterView.swift in Sources */,
				C644B5652ABEA71F0031CA67 /* UserRegisterViewModel.swift in Sources */,
				2B02737F2AB84254007FB8B8 /* TaskView.swift in Sources */,
				C60F4DD42ACD1AF500A30988 /* NotificationManager.swift in Sources */,
				2B0286452AD56C96008DE955 /* CustomTabBar.swift in Sources */,
			);
			runOnlyForDeploymentPostprocessing = 0;
		};
/* End PBXSourcesBuildPhase section */

/* Begin PBXTargetDependency section */
		C663ACF12AD369CE008F46B4 /* PBXTargetDependency */ = {
			isa = PBXTargetDependency;
			target = D599DEBF2A95C327009D7CF6 /* iSchedule */;
			targetProxy = C663ACF02AD369CE008F46B4 /* PBXContainerItemProxy */;
		};
/* End PBXTargetDependency section */

/* Begin XCBuildConfiguration section */
		C663ACF22AD369CE008F46B4 /* Debug */ = {
			isa = XCBuildConfiguration;
			buildSettings = {
				BUNDLE_LOADER = "$(TEST_HOST)";
				CODE_SIGN_STYLE = Automatic;
				CURRENT_PROJECT_VERSION = 1;
				GENERATE_INFOPLIST_FILE = YES;
				IPHONEOS_DEPLOYMENT_TARGET = 16.4;
				MARKETING_VERSION = 1.0;
				PRODUCT_BUNDLE_IDENTIFIER = None.iScheduleTests;
				PRODUCT_NAME = "$(TARGET_NAME)";
				SWIFT_EMIT_LOC_STRINGS = NO;
				SWIFT_VERSION = 5.0;
				TARGETED_DEVICE_FAMILY = "1,2";
				TEST_HOST = "$(BUILT_PRODUCTS_DIR)/iSchedule.app/$(BUNDLE_EXECUTABLE_FOLDER_PATH)/iSchedule";
			};
			name = Debug;
		};
		C663ACF32AD369CE008F46B4 /* Release */ = {
			isa = XCBuildConfiguration;
			buildSettings = {
				BUNDLE_LOADER = "$(TEST_HOST)";
				CODE_SIGN_STYLE = Automatic;
				CURRENT_PROJECT_VERSION = 1;
				GENERATE_INFOPLIST_FILE = YES;
				IPHONEOS_DEPLOYMENT_TARGET = 16.4;
				MARKETING_VERSION = 1.0;
				PRODUCT_BUNDLE_IDENTIFIER = None.iScheduleTests;
				PRODUCT_NAME = "$(TARGET_NAME)";
				SWIFT_EMIT_LOC_STRINGS = NO;
				SWIFT_VERSION = 5.0;
				TARGETED_DEVICE_FAMILY = "1,2";
				TEST_HOST = "$(BUILT_PRODUCTS_DIR)/iSchedule.app/$(BUNDLE_EXECUTABLE_FOLDER_PATH)/iSchedule";
			};
			name = Release;
		};
		D599DECC2A95C329009D7CF6 /* Debug */ = {
			isa = XCBuildConfiguration;
			buildSettings = {
				ALWAYS_SEARCH_USER_PATHS = NO;
				CLANG_ANALYZER_NONNULL = YES;
				CLANG_ANALYZER_NUMBER_OBJECT_CONVERSION = YES_AGGRESSIVE;
				CLANG_CXX_LANGUAGE_STANDARD = "gnu++20";
				CLANG_ENABLE_MODULES = YES;
				CLANG_ENABLE_OBJC_ARC = YES;
				CLANG_ENABLE_OBJC_WEAK = YES;
				CLANG_WARN_BLOCK_CAPTURE_AUTORELEASING = YES;
				CLANG_WARN_BOOL_CONVERSION = YES;
				CLANG_WARN_COMMA = YES;
				CLANG_WARN_CONSTANT_CONVERSION = YES;
				CLANG_WARN_DEPRECATED_OBJC_IMPLEMENTATIONS = YES;
				CLANG_WARN_DIRECT_OBJC_ISA_USAGE = YES_ERROR;
				CLANG_WARN_DOCUMENTATION_COMMENTS = YES;
				CLANG_WARN_EMPTY_BODY = YES;
				CLANG_WARN_ENUM_CONVERSION = YES;
				CLANG_WARN_INFINITE_RECURSION = YES;
				CLANG_WARN_INT_CONVERSION = YES;
				CLANG_WARN_NON_LITERAL_NULL_CONVERSION = YES;
				CLANG_WARN_OBJC_IMPLICIT_RETAIN_SELF = YES;
				CLANG_WARN_OBJC_LITERAL_CONVERSION = YES;
				CLANG_WARN_OBJC_ROOT_CLASS = YES_ERROR;
				CLANG_WARN_QUOTED_INCLUDE_IN_FRAMEWORK_HEADER = YES;
				CLANG_WARN_RANGE_LOOP_ANALYSIS = YES;
				CLANG_WARN_STRICT_PROTOTYPES = YES;
				CLANG_WARN_SUSPICIOUS_MOVE = YES;
				CLANG_WARN_UNGUARDED_AVAILABILITY = YES_AGGRESSIVE;
				CLANG_WARN_UNREACHABLE_CODE = YES;
				CLANG_WARN__DUPLICATE_METHOD_MATCH = YES;
				COPY_PHASE_STRIP = NO;
				DEBUG_INFORMATION_FORMAT = dwarf;
				ENABLE_STRICT_OBJC_MSGSEND = YES;
				ENABLE_TESTABILITY = YES;
				GCC_C_LANGUAGE_STANDARD = gnu11;
				GCC_DYNAMIC_NO_PIC = NO;
				GCC_NO_COMMON_BLOCKS = YES;
				GCC_OPTIMIZATION_LEVEL = 0;
				GCC_PREPROCESSOR_DEFINITIONS = (
					"DEBUG=1",
					"$(inherited)",
				);
				GCC_WARN_64_TO_32_BIT_CONVERSION = YES;
				GCC_WARN_ABOUT_RETURN_TYPE = YES_ERROR;
				GCC_WARN_UNDECLARED_SELECTOR = YES;
				GCC_WARN_UNINITIALIZED_AUTOS = YES_AGGRESSIVE;
				GCC_WARN_UNUSED_FUNCTION = YES;
				GCC_WARN_UNUSED_VARIABLE = YES;
				IPHONEOS_DEPLOYMENT_TARGET = 16.1;
				MTL_ENABLE_DEBUG_INFO = INCLUDE_SOURCE;
				MTL_FAST_MATH = YES;
				ONLY_ACTIVE_ARCH = YES;
				SDKROOT = iphoneos;
				SWIFT_ACTIVE_COMPILATION_CONDITIONS = DEBUG;
				SWIFT_OPTIMIZATION_LEVEL = "-Onone";
			};
			name = Debug;
		};
		D599DECD2A95C329009D7CF6 /* Release */ = {
			isa = XCBuildConfiguration;
			buildSettings = {
				ALWAYS_SEARCH_USER_PATHS = NO;
				CLANG_ANALYZER_NONNULL = YES;
				CLANG_ANALYZER_NUMBER_OBJECT_CONVERSION = YES_AGGRESSIVE;
				CLANG_CXX_LANGUAGE_STANDARD = "gnu++20";
				CLANG_ENABLE_MODULES = YES;
				CLANG_ENABLE_OBJC_ARC = YES;
				CLANG_ENABLE_OBJC_WEAK = YES;
				CLANG_WARN_BLOCK_CAPTURE_AUTORELEASING = YES;
				CLANG_WARN_BOOL_CONVERSION = YES;
				CLANG_WARN_COMMA = YES;
				CLANG_WARN_CONSTANT_CONVERSION = YES;
				CLANG_WARN_DEPRECATED_OBJC_IMPLEMENTATIONS = YES;
				CLANG_WARN_DIRECT_OBJC_ISA_USAGE = YES_ERROR;
				CLANG_WARN_DOCUMENTATION_COMMENTS = YES;
				CLANG_WARN_EMPTY_BODY = YES;
				CLANG_WARN_ENUM_CONVERSION = YES;
				CLANG_WARN_INFINITE_RECURSION = YES;
				CLANG_WARN_INT_CONVERSION = YES;
				CLANG_WARN_NON_LITERAL_NULL_CONVERSION = YES;
				CLANG_WARN_OBJC_IMPLICIT_RETAIN_SELF = YES;
				CLANG_WARN_OBJC_LITERAL_CONVERSION = YES;
				CLANG_WARN_OBJC_ROOT_CLASS = YES_ERROR;
				CLANG_WARN_QUOTED_INCLUDE_IN_FRAMEWORK_HEADER = YES;
				CLANG_WARN_RANGE_LOOP_ANALYSIS = YES;
				CLANG_WARN_STRICT_PROTOTYPES = YES;
				CLANG_WARN_SUSPICIOUS_MOVE = YES;
				CLANG_WARN_UNGUARDED_AVAILABILITY = YES_AGGRESSIVE;
				CLANG_WARN_UNREACHABLE_CODE = YES;
				CLANG_WARN__DUPLICATE_METHOD_MATCH = YES;
				COPY_PHASE_STRIP = NO;
				DEBUG_INFORMATION_FORMAT = "dwarf-with-dsym";
				ENABLE_NS_ASSERTIONS = NO;
				ENABLE_STRICT_OBJC_MSGSEND = YES;
				GCC_C_LANGUAGE_STANDARD = gnu11;
				GCC_NO_COMMON_BLOCKS = YES;
				GCC_WARN_64_TO_32_BIT_CONVERSION = YES;
				GCC_WARN_ABOUT_RETURN_TYPE = YES_ERROR;
				GCC_WARN_UNDECLARED_SELECTOR = YES;
				GCC_WARN_UNINITIALIZED_AUTOS = YES_AGGRESSIVE;
				GCC_WARN_UNUSED_FUNCTION = YES;
				GCC_WARN_UNUSED_VARIABLE = YES;
				IPHONEOS_DEPLOYMENT_TARGET = 16.1;
				MTL_ENABLE_DEBUG_INFO = NO;
				MTL_FAST_MATH = YES;
				SDKROOT = iphoneos;
				SWIFT_COMPILATION_MODE = wholemodule;
				SWIFT_OPTIMIZATION_LEVEL = "-O";
				VALIDATE_PRODUCT = YES;
			};
			name = Release;
		};
		D599DECF2A95C329009D7CF6 /* Debug */ = {
			isa = XCBuildConfiguration;
			buildSettings = {
				ASSETCATALOG_COMPILER_APPICON_NAME = AppIcon;
				ASSETCATALOG_COMPILER_GLOBAL_ACCENT_COLOR_NAME = AccentColor;
				CODE_SIGN_STYLE = Automatic;
				CURRENT_PROJECT_VERSION = 1;
				DEVELOPMENT_ASSET_PATHS = "\"iSchedule/Preview Content\"";
				ENABLE_PREVIEWS = YES;
				GENERATE_INFOPLIST_FILE = YES;
				INFOPLIST_KEY_UIApplicationSceneManifest_Generation = YES;
				INFOPLIST_KEY_UIApplicationSupportsIndirectInputEvents = YES;
				INFOPLIST_KEY_UILaunchScreen_Generation = YES;
				INFOPLIST_KEY_UISupportedInterfaceOrientations_iPad = "UIInterfaceOrientationPortrait UIInterfaceOrientationPortraitUpsideDown UIInterfaceOrientationLandscapeLeft UIInterfaceOrientationLandscapeRight";
				INFOPLIST_KEY_UISupportedInterfaceOrientations_iPhone = "UIInterfaceOrientationPortrait UIInterfaceOrientationLandscapeLeft UIInterfaceOrientationLandscapeRight";
				LD_RUNPATH_SEARCH_PATHS = (
					"$(inherited)",
					"@executable_path/Frameworks",
				);
				MARKETING_VERSION = 1.0;
				PRODUCT_BUNDLE_IDENTIFIER = None.iScheduleV2;
				PRODUCT_NAME = "$(TARGET_NAME)";
				SWIFT_EMIT_LOC_STRINGS = YES;
				SWIFT_VERSION = 5.0;
				TARGETED_DEVICE_FAMILY = "1,2";
			};
			name = Debug;
		};
		D599DED02A95C329009D7CF6 /* Release */ = {
			isa = XCBuildConfiguration;
			buildSettings = {
				ASSETCATALOG_COMPILER_APPICON_NAME = AppIcon;
				ASSETCATALOG_COMPILER_GLOBAL_ACCENT_COLOR_NAME = AccentColor;
				CODE_SIGN_STYLE = Automatic;
				CURRENT_PROJECT_VERSION = 1;
				DEVELOPMENT_ASSET_PATHS = "\"iSchedule/Preview Content\"";
				ENABLE_PREVIEWS = YES;
				GENERATE_INFOPLIST_FILE = YES;
				INFOPLIST_KEY_UIApplicationSceneManifest_Generation = YES;
				INFOPLIST_KEY_UIApplicationSupportsIndirectInputEvents = YES;
				INFOPLIST_KEY_UILaunchScreen_Generation = YES;
				INFOPLIST_KEY_UISupportedInterfaceOrientations_iPad = "UIInterfaceOrientationPortrait UIInterfaceOrientationPortraitUpsideDown UIInterfaceOrientationLandscapeLeft UIInterfaceOrientationLandscapeRight";
				INFOPLIST_KEY_UISupportedInterfaceOrientations_iPhone = "UIInterfaceOrientationPortrait UIInterfaceOrientationLandscapeLeft UIInterfaceOrientationLandscapeRight";
				LD_RUNPATH_SEARCH_PATHS = (
					"$(inherited)",
					"@executable_path/Frameworks",
				);
				MARKETING_VERSION = 1.0;
				PRODUCT_BUNDLE_IDENTIFIER = None.iScheduleV2;
				PRODUCT_NAME = "$(TARGET_NAME)";
				SWIFT_EMIT_LOC_STRINGS = YES;
				SWIFT_VERSION = 5.0;
				TARGETED_DEVICE_FAMILY = "1,2";
			};
			name = Release;
		};
/* End XCBuildConfiguration section */

/* Begin XCConfigurationList section */
		C663ACF42AD369CE008F46B4 /* Build configuration list for PBXNativeTarget "iScheduleTests" */ = {
			isa = XCConfigurationList;
			buildConfigurations = (
				C663ACF22AD369CE008F46B4 /* Debug */,
				C663ACF32AD369CE008F46B4 /* Release */,
			);
			defaultConfigurationIsVisible = 0;
			defaultConfigurationName = Release;
		};
		D599DEBB2A95C327009D7CF6 /* Build configuration list for PBXProject "iSchedule" */ = {
			isa = XCConfigurationList;
			buildConfigurations = (
				D599DECC2A95C329009D7CF6 /* Debug */,
				D599DECD2A95C329009D7CF6 /* Release */,
			);
			defaultConfigurationIsVisible = 0;
			defaultConfigurationName = Release;
		};
		D599DECE2A95C329009D7CF6 /* Build configuration list for PBXNativeTarget "iSchedule" */ = {
			isa = XCConfigurationList;
			buildConfigurations = (
				D599DECF2A95C329009D7CF6 /* Debug */,
				D599DED02A95C329009D7CF6 /* Release */,
			);
			defaultConfigurationIsVisible = 0;
			defaultConfigurationName = Release;
		};
/* End XCConfigurationList section */

/* Begin XCVersionGroup section */
		2B02738B2AB8442C007FB8B8 /* iScheduleModel.xcdatamodeld */ = {
			isa = XCVersionGroup;
			children = (
				2B02738C2AB8442C007FB8B8 /* iScheduleModel.xcdatamodel */,
			);
			currentVersion = 2B02738C2AB8442C007FB8B8 /* iScheduleModel.xcdatamodel */;
			path = iScheduleModel.xcdatamodeld;
			sourceTree = "<group>";
			versionGroupType = wrapper.xcdatamodel;
		};
/* End XCVersionGroup section */
	};
	rootObject = D599DEB82A95C327009D7CF6 /* Project object */;
}
